
Microsoft Visual Studio Solution File, Format Version 12.00
# Visual Studio Version 17
VisualStudioVersion = 17.0.31903.59
MinimumVisualStudioVersion = 10.0.40219.1
Project("{FAE04EC0-301F-11D3-BF4B-00C04F79EFBC}") = "Autoservice.Api", "src\Autoservice.Api\Autoservice.Api\Autoservice.Api.csproj", "{17A81F85-D07D-D1D0-4CDE-EB631CA9EBD6}"
EndProject
Project("{FAE04EC0-301F-11D3-BF4B-00C04F79EFBC}") = "Autoservice.Domain", "src\Autoservice.Domain\Autoservice.Domain\Autoservice.Domain.csproj", "{CF5A5CE2-3941-40BF-F388-879C6465444F}"
EndProject
Project("{FAE04EC0-301F-11D3-BF4B-00C04F79EFBC}") = "Autoservice.Application", "src\Autoservice.Application\Autoservice.Application\Autoservice.Application.csproj", "{651377C4-7B36-76E7-D088-FDF36DC4527B}"
EndProject
Project("{FAE04EC0-301F-11D3-BF4B-00C04F79EFBC}") = "Autoservice.Infrastructure", "src\Autoservice.Infrastructure\Autoservice.Infrastructure\Autoservice.Infrastructure.csproj", "{6F80E47D-67BB-3FC1-B699-D7FA354918B2}"
EndProject
Project("{FAE04EC0-301F-11D3-BF4B-00C04F79EFBC}") = "Autoservice.Tests", "src\Autoservice.Tests\Autoservice.Tests\Autoservice.Tests.csproj", "{303307DA-12D6-A21F-ECB0-8133402CB2AF}"
EndProject
Global
	GlobalSection(SolutionConfigurationPlatforms) = preSolution
		Debug|Any CPU = Debug|Any CPU
		Release|Any CPU = Release|Any CPU
	EndGlobalSection
	GlobalSection(ProjectConfigurationPlatforms) = postSolution
		{17A81F85-D07D-D1D0-4CDE-EB631CA9EBD6}.Debug|Any CPU.ActiveCfg = Debug|Any CPU
		{17A81F85-D07D-D1D0-4CDE-EB631CA9EBD6}.Debug|Any CPU.Build.0 = Debug|Any CPU
		{17A81F85-D07D-D1D0-4CDE-EB631CA9EBD6}.Release|Any CPU.ActiveCfg = Release|Any CPU
		{17A81F85-D07D-D1D0-4CDE-EB631CA9EBD6}.Release|Any CPU.Build.0 = Release|Any CPU
		{CF5A5CE2-3941-40BF-F388-879C6465444F}.Debug|Any CPU.ActiveCfg = Debug|Any CPU
		{CF5A5CE2-3941-40BF-F388-879C6465444F}.Debug|Any CPU.Build.0 = Debug|Any CPU
		{CF5A5CE2-3941-40BF-F388-879C6465444F}.Release|Any CPU.ActiveCfg = Release|Any CPU
		{CF5A5CE2-3941-40BF-F388-879C6465444F}.Release|Any CPU.Build.0 = Release|Any CPU
		{651377C4-7B36-76E7-D088-FDF36DC4527B}.Debug|Any CPU.ActiveCfg = Debug|Any CPU
		{651377C4-7B36-76E7-D088-FDF36DC4527B}.Debug|Any CPU.Build.0 = Debug|Any CPU
		{651377C4-7B36-76E7-D088-FDF36DC4527B}.Release|Any CPU.ActiveCfg = Release|Any CPU
		{651377C4-7B36-76E7-D088-FDF36DC4527B}.Release|Any CPU.Build.0 = Release|Any CPU
		{6F80E47D-67BB-3FC1-B699-D7FA354918B2}.Debug|Any CPU.ActiveCfg = Debug|Any CPU
		{6F80E47D-67BB-3FC1-B699-D7FA354918B2}.Debug|Any CPU.Build.0 = Debug|Any CPU
		{6F80E47D-67BB-3FC1-B699-D7FA354918B2}.Release|Any CPU.ActiveCfg = Release|Any CPU
		{6F80E47D-67BB-3FC1-B699-D7FA354918B2}.Release|Any CPU.Build.0 = Release|Any CPU
		{303307DA-12D6-A21F-ECB0-8133402CB2AF}.Debug|Any CPU.ActiveCfg = Debug|Any CPU
		{303307DA-12D6-A21F-ECB0-8133402CB2AF}.Debug|Any CPU.Build.0 = Debug|Any CPU
		{303307DA-12D6-A21F-ECB0-8133402CB2AF}.Release|Any CPU.ActiveCfg = Release|Any CPU
		{303307DA-12D6-A21F-ECB0-8133402CB2AF}.Release|Any CPU.Build.0 = Release|Any CPU
	EndGlobalSection
	GlobalSection(SolutionProperties) = preSolution
		HideSolutionNode = FALSE
	EndGlobalSection
	GlobalSection(ExtensibilityGlobals) = postSolution
		SolutionGuid = {8A11F9F8-79B7-4F83-B70E-0075AFCC3FF2}
	EndGlobalSection
EndGlobal
